// !$*UTF8*$!
{
	archiveVersion = 1;
	classes = {
	};
	objectVersion = 56;
	objects = {

/* Begin PBXBuildFile section */
		961DE1FE2AC5A28F00F01213 /* DetalleViewController.swift in Sources */ = {isa = PBXBuildFile; fileRef = 961DE1FD2AC5A28F00F01213 /* DetalleViewController.swift */; };
		9670A0262AC500370003A4C5 /* AppDelegate.swift in Sources */ = {isa = PBXBuildFile; fileRef = 9670A0252AC500370003A4C5 /* AppDelegate.swift */; };
		9670A0282AC500370003A4C5 /* SceneDelegate.swift in Sources */ = {isa = PBXBuildFile; fileRef = 9670A0272AC500370003A4C5 /* SceneDelegate.swift */; };
		9670A02A2AC500370003A4C5 /* ViewController.swift in Sources */ = {isa = PBXBuildFile; fileRef = 9670A0292AC500370003A4C5 /* ViewController.swift */; };
		9670A02D2AC500370003A4C5 /* Main.storyboard in Resources */ = {isa = PBXBuildFile; fileRef = 9670A02B2AC500370003A4C5 /* Main.storyboard */; };
		9670A02F2AC5003D0003A4C5 /* Assets.xcassets in Resources */ = {isa = PBXBuildFile; fileRef = 9670A02E2AC5003D0003A4C5 /* Assets.xcassets */; };
		9670A0322AC5003D0003A4C5 /* LaunchScreen.storyboard in Resources */ = {isa = PBXBuildFile; fileRef = 9670A0302AC5003D0003A4C5 /* LaunchScreen.storyboard */; };
		9670A03A2AC502FD0003A4C5 /* Cliente.swift in Sources */ = {isa = PBXBuildFile; fileRef = 9670A0392AC502FD0003A4C5 /* Cliente.swift */; };
		9670A03C2AC5048A0003A4C5 /* ItemTableViewCell.swift in Sources */ = {isa = PBXBuildFile; fileRef = 9670A03B2AC5048A0003A4C5 /* ItemTableViewCell.swift */; };
		96AE8A332AE31C8400D45807 /* Paciente.swift in Sources */ = {isa = PBXBuildFile; fileRef = 96AE8A322AE31C8400D45807 /* Paciente.swift */; };
		96AE8A352AE3464200D45807 /* PacienteViewController.swift in Sources */ = {isa = PBXBuildFile; fileRef = 96AE8A342AE3464200D45807 /* PacienteViewController.swift */; };
		96BBBD642AD168B2003D561F /* ConsorcioModel.xcdatamodeld in Sources */ = {isa = PBXBuildFile; fileRef = 96BBBD622AD168B2003D561F /* ConsorcioModel.xcdatamodeld */; };
		96BBBD682AD18BE7003D561F /* ClienteController.swift in Sources */ = {isa = PBXBuildFile; fileRef = 96BBBD672AD18BE7003D561F /* ClienteController.swift */; };
		96C155FC2AD755FE001ED8FB /* LibroCollectionViewController.swift in Sources */ = {isa = PBXBuildFile; fileRef = 96C155FB2AD755FE001ED8FB /* LibroCollectionViewController.swift */; };
		96C155FE2AD7589B001ED8FB /* LibroItemCollectionViewCell.swift in Sources */ = {isa = PBXBuildFile; fileRef = 96C155FD2AD7589B001ED8FB /* LibroItemCollectionViewCell.swift */; };
		96C156002AD75EB1001ED8FB /* Libro.swift in Sources */ = {isa = PBXBuildFile; fileRef = 96C155FF2AD75EB1001ED8FB /* Libro.swift */; };
		96D42EB12ACEDB2500F7CEC9 /* NuevoClienteViewController.swift in Sources */ = {isa = PBXBuildFile; fileRef = 96D42EB02ACEDB2500F7CEC9 /* NuevoClienteViewController.swift */; };
/* End PBXBuildFile section */

/* Begin PBXFileReference section */
		961DE1FD2AC5A28F00F01213 /* DetalleViewController.swift */ = {isa = PBXFileReference; lastKnownFileType = sourcecode.swift; path = DetalleViewController.swift; sourceTree = "<group>"; };
		9670A0222AC500370003A4C5 /* AppTable.app */ = {isa = PBXFileReference; explicitFileType = wrapper.application; includeInIndex = 0; path = AppTable.app; sourceTree = BUILT_PRODUCTS_DIR; };
		9670A0252AC500370003A4C5 /* AppDelegate.swift */ = {isa = PBXFileReference; lastKnownFileType = sourcecode.swift; path = AppDelegate.swift; sourceTree = "<group>"; };
		9670A0272AC500370003A4C5 /* SceneDelegate.swift */ = {isa = PBXFileReference; lastKnownFileType = sourcecode.swift; path = SceneDelegate.swift; sourceTree = "<group>"; };
		9670A0292AC500370003A4C5 /* ViewController.swift */ = {isa = PBXFileReference; lastKnownFileType = sourcecode.swift; path = ViewController.swift; sourceTree = "<group>"; };
		9670A02C2AC500370003A4C5 /* Base */ = {isa = PBXFileReference; lastKnownFileType = file.storyboard; name = Base; path = Base.lproj/Main.storyboard; sourceTree = "<group>"; };
		9670A02E2AC5003D0003A4C5 /* Assets.xcassets */ = {isa = PBXFileReference; lastKnownFileType = folder.assetcatalog; path = Assets.xcassets; sourceTree = "<group>"; };
		9670A0312AC5003D0003A4C5 /* Base */ = {isa = PBXFileReference; lastKnownFileType = file.storyboard; name = Base; path = Base.lproj/LaunchScreen.storyboard; sourceTree = "<group>"; };
		9670A0332AC5003D0003A4C5 /* Info.plist */ = {isa = PBXFileReference; lastKnownFileType = text.plist.xml; path = Info.plist; sourceTree = "<group>"; };
		9670A0392AC502FD0003A4C5 /* Cliente.swift */ = {isa = PBXFileReference; lastKnownFileType = sourcecode.swift; path = Cliente.swift; sourceTree = "<group>"; };
		9670A03B2AC5048A0003A4C5 /* ItemTableViewCell.swift */ = {isa = PBXFileReference; lastKnownFileType = sourcecode.swift; path = ItemTableViewCell.swift; sourceTree = "<group>"; };
		96AE8A322AE31C8400D45807 /* Paciente.swift */ = {isa = PBXFileReference; lastKnownFileType = sourcecode.swift; path = Paciente.swift; sourceTree = "<group>"; };
		96AE8A342AE3464200D45807 /* PacienteViewController.swift */ = {isa = PBXFileReference; lastKnownFileType = sourcecode.swift; path = PacienteViewController.swift; sourceTree = "<group>"; };
		96BBBD632AD168B2003D561F /* ConsorcioModel.xcdatamodel */ = {isa = PBXFileReference; lastKnownFileType = wrapper.xcdatamodel; path = ConsorcioModel.xcdatamodel; sourceTree = "<group>"; };
		96BBBD672AD18BE7003D561F /* ClienteController.swift */ = {isa = PBXFileReference; lastKnownFileType = sourcecode.swift; path = ClienteController.swift; sourceTree = "<group>"; };
		96C155FB2AD755FE001ED8FB /* LibroCollectionViewController.swift */ = {isa = PBXFileReference; lastKnownFileType = sourcecode.swift; path = LibroCollectionViewController.swift; sourceTree = SOURCE_ROOT; };
		96C155FD2AD7589B001ED8FB /* LibroItemCollectionViewCell.swift */ = {isa = PBXFileReference; lastKnownFileType = sourcecode.swift; path = LibroItemCollectionViewCell.swift; sourceTree = SOURCE_ROOT; };
		96C155FF2AD75EB1001ED8FB /* Libro.swift */ = {isa = PBXFileReference; lastKnownFileType = sourcecode.swift; path = Libro.swift; sourceTree = SOURCE_ROOT; };
		96D42EB02ACEDB2500F7CEC9 /* NuevoClienteViewController.swift */ = {isa = PBXFileReference; lastKnownFileType = sourcecode.swift; path = NuevoClienteViewController.swift; sourceTree = SOURCE_ROOT; };
/* End PBXFileReference section */

/* Begin PBXFrameworksBuildPhase section */
		9670A01F2AC500370003A4C5 /* Frameworks */ = {
			isa = PBXFrameworksBuildPhase;
			buildActionMask = 2147483647;
			files = (
			);
			runOnlyForDeploymentPostprocessing = 0;
		};
/* End PBXFrameworksBuildPhase section */

/* Begin PBXGroup section */
		9670A0192AC500370003A4C5 = {
			isa = PBXGroup;
			children = (
				9670A0242AC500370003A4C5 /* AppTable */,
				9670A0232AC500370003A4C5 /* Products */,
			);
			sourceTree = "<group>";
		};
		9670A0232AC500370003A4C5 /* Products */ = {
			isa = PBXGroup;
			children = (
				9670A0222AC500370003A4C5 /* AppTable.app */,
			);
			name = Products;
			sourceTree = "<group>";
		};
		9670A0242AC500370003A4C5 /* AppTable */ = {
			isa = PBXGroup;
			children = (
				96AE8A362AE3469C00D45807 /* Paciente */,
				9670A0252AC500370003A4C5 /* AppDelegate.swift */,
				9670A0272AC500370003A4C5 /* SceneDelegate.swift */,
				9670A0292AC500370003A4C5 /* ViewController.swift */,
				9670A02B2AC500370003A4C5 /* Main.storyboard */,
				9670A02E2AC5003D0003A4C5 /* Assets.xcassets */,
				9670A0302AC5003D0003A4C5 /* LaunchScreen.storyboard */,
				9670A0332AC5003D0003A4C5 /* Info.plist */,
				9670A0392AC502FD0003A4C5 /* Cliente.swift */,
				9670A03B2AC5048A0003A4C5 /* ItemTableViewCell.swift */,
				961DE1FD2AC5A28F00F01213 /* DetalleViewController.swift */,
				96D42EB02ACEDB2500F7CEC9 /* NuevoClienteViewController.swift */,
				96BBBD622AD168B2003D561F /* ConsorcioModel.xcdatamodeld */,
				96BBBD672AD18BE7003D561F /* ClienteController.swift */,
				96C155FB2AD755FE001ED8FB /* LibroCollectionViewController.swift */,
				96C155FD2AD7589B001ED8FB /* LibroItemCollectionViewCell.swift */,
				96C155FF2AD75EB1001ED8FB /* Libro.swift */,
			);
			path = AppTable;
			sourceTree = "<group>";
		};
		96AE8A362AE3469C00D45807 /* Paciente */ = {
			isa = PBXGroup;
			children = (
				96AE8A342AE3464200D45807 /* PacienteViewController.swift */,
				96AE8A322AE31C8400D45807 /* Paciente.swift */,
			);
			path = Paciente;
			sourceTree = "<group>";
		};
/* End PBXGroup section */

/* Begin PBXNativeTarget section */
		9670A0212AC500370003A4C5 /* AppTable */ = {
			isa = PBXNativeTarget;
			buildConfigurationList = 9670A0362AC5003D0003A4C5 /* Build configuration list for PBXNativeTarget "AppTable" */;
			buildPhases = (
				9670A01E2AC500370003A4C5 /* Sources */,
				9670A01F2AC500370003A4C5 /* Frameworks */,
				9670A0202AC500370003A4C5 /* Resources */,
			);
			buildRules = (
			);
			dependencies = (
			);
			name = AppTable;
			productName = AppTable;
			productReference = 9670A0222AC500370003A4C5 /* AppTable.app */;
			productType = "com.apple.product-type.application";
		};
/* End PBXNativeTarget section */

/* Begin PBXProject section */
		9670A01A2AC500370003A4C5 /* Project object */ = {
			isa = PBXProject;
			attributes = {
				BuildIndependentTargetsInParallel = 1;
				LastSwiftUpdateCheck = 1430;
				LastUpgradeCheck = 1430;
				TargetAttributes = {
					9670A0212AC500370003A4C5 = {
						CreatedOnToolsVersion = 14.3.1;
					};
				};
			};
			buildConfigurationList = 9670A01D2AC500370003A4C5 /* Build configuration list for PBXProject "AppTable" */;
			compatibilityVersion = "Xcode 14.0";
			developmentRegion = en;
			hasScannedForEncodings = 0;
			knownRegions = (
				en,
				Base,
			);
			mainGroup = 9670A0192AC500370003A4C5;
			productRefGroup = 9670A0232AC500370003A4C5 /* Products */;
			projectDirPath = "";
			projectRoot = "";
			targets = (
				9670A0212AC500370003A4C5 /* AppTable */,
			);
		};
/* End PBXProject section */

/* Begin PBXResourcesBuildPhase section */
		9670A0202AC500370003A4C5 /* Resources */ = {
			isa = PBXResourcesBuildPhase;
			buildActionMask = 2147483647;
			files = (
				9670A0322AC5003D0003A4C5 /* LaunchScreen.storyboard in Resources */,
				9670A02F2AC5003D0003A4C5 /* Assets.xcassets in Resources */,
				9670A02D2AC500370003A4C5 /* Main.storyboard in Resources */,
			);
			runOnlyForDeploymentPostprocessing = 0;
		};
/* End PBXResourcesBuildPhase section */

/* Begin PBXSourcesBuildPhase section */
		9670A01E2AC500370003A4C5 /* Sources */ = {
			isa = PBXSourcesBuildPhase;
			buildActionMask = 2147483647;
			files = (
				96AE8A332AE31C8400D45807 /* Paciente.swift in Sources */,
				96C155FE2AD7589B001ED8FB /* LibroItemCollectionViewCell.swift in Sources */,
				961DE1FE2AC5A28F00F01213 /* DetalleViewController.swift in Sources */,
				9670A03A2AC502FD0003A4C5 /* Cliente.swift in Sources */,
				96BBBD682AD18BE7003D561F /* ClienteController.swift in Sources */,
				9670A02A2AC500370003A4C5 /* ViewController.swift in Sources */,
				96BBBD642AD168B2003D561F /* ConsorcioModel.xcdatamodeld in Sources */,
				96C156002AD75EB1001ED8FB /* Libro.swift in Sources */,
				96C155FC2AD755FE001ED8FB /* LibroCollectionViewController.swift in Sources */,
				9670A03C2AC5048A0003A4C5 /* ItemTableViewCell.swift in Sources */,
				9670A0262AC500370003A4C5 /* AppDelegate.swift in Sources */,
				96D42EB12ACEDB2500F7CEC9 /* NuevoClienteViewController.swift in Sources */,
				9670A0282AC500370003A4C5 /* SceneDelegate.swift in Sources */,
				96AE8A352AE3464200D45807 /* PacienteViewController.swift in Sources */,
			);
			runOnlyForDeploymentPostprocessing = 0;
		};
/* End PBXSourcesBuildPhase section */

/* Begin PBXVariantGroup section */
		9670A02B2AC500370003A4C5 /* Main.storyboard */ = {
			isa = PBXVariantGroup;
			children = (
				9670A02C2AC500370003A4C5 /* Base */,
			);
			name = Main.storyboard;
			sourceTree = "<group>";
		};
		9670A0302AC5003D0003A4C5 /* LaunchScreen.storyboard */ = {
			isa = PBXVariantGroup;
			children = (
				9670A0312AC5003D0003A4C5 /* Base */,
			);
			name = LaunchScreen.storyboard;
			sourceTree = "<group>";
		};
/* End PBXVariantGroup section */

/* Begin XCBuildConfiguration section */
		9670A0342AC5003D0003A4C5 /* Debug */ = {
			isa = XCBuildConfiguration;
			buildSettings = {
				ALWAYS_SEARCH_USER_PATHS = NO;
				CLANG_ANALYZER_NONNULL = YES;
				CLANG_ANALYZER_NUMBER_OBJECT_CONVERSION = YES_AGGRESSIVE;
				CLANG_CXX_LANGUAGE_STANDARD = "gnu++20";
				CLANG_ENABLE_MODULES = YES;
				CLANG_ENABLE_OBJC_ARC = YES;
				CLANG_ENABLE_OBJC_WEAK = YES;
				CLANG_WARN_BLOCK_CAPTURE_AUTORELEASING = YES;
				CLANG_WARN_BOOL_CONVERSION = YES;
				CLANG_WARN_COMMA = YES;
				CLANG_WARN_CONSTANT_CONVERSION = YES;
				CLANG_WARN_DEPRECATED_OBJC_IMPLEMENTATIONS = YES;
				CLANG_WARN_DIRECT_OBJC_ISA_USAGE = YES_ERROR;
				CLANG_WARN_DOCUMENTATION_COMMENTS = YES;
				CLANG_WARN_EMPTY_BODY = YES;
				CLANG_WARN_ENUM_CONVERSION = YES;
				CLANG_WARN_INFINITE_RECURSION = YES;
				CLANG_WARN_INT_CONVERSION = YES;
				CLANG_WARN_NON_LITERAL_NULL_CONVERSION = YES;
				CLANG_WARN_OBJC_IMPLICIT_RETAIN_SELF = YES;
				CLANG_WARN_OBJC_LITERAL_CONVERSION = YES;
				CLANG_WARN_OBJC_ROOT_CLASS = YES_ERROR;
				CLANG_WARN_QUOTED_INCLUDE_IN_FRAMEWORK_HEADER = YES;
				CLANG_WARN_RANGE_LOOP_ANALYSIS = YES;
				CLANG_WARN_STRICT_PROTOTYPES = YES;
				CLANG_WARN_SUSPICIOUS_MOVE = YES;
				CLANG_WARN_UNGUARDED_AVAILABILITY = YES_AGGRESSIVE;
				CLANG_WARN_UNREACHABLE_CODE = YES;
				CLANG_WARN__DUPLICATE_METHOD_MATCH = YES;
				COPY_PHASE_STRIP = NO;
				DEBUG_INFORMATION_FORMAT = dwarf;
				ENABLE_STRICT_OBJC_MSGSEND = YES;
				ENABLE_TESTABILITY = YES;
				GCC_C_LANGUAGE_STANDARD = gnu11;
				GCC_DYNAMIC_NO_PIC = NO;
				GCC_NO_COMMON_BLOCKS = YES;
				GCC_OPTIMIZATION_LEVEL = 0;
				GCC_PREPROCESSOR_DEFINITIONS = (
					"DEBUG=1",
					"$(inherited)",
				);
				GCC_WARN_64_TO_32_BIT_CONVERSION = YES;
				GCC_WARN_ABOUT_RETURN_TYPE = YES_ERROR;
				GCC_WARN_UNDECLARED_SELECTOR = YES;
				GCC_WARN_UNINITIALIZED_AUTOS = YES_AGGRESSIVE;
				GCC_WARN_UNUSED_FUNCTION = YES;
				GCC_WARN_UNUSED_VARIABLE = YES;
				IPHONEOS_DEPLOYMENT_TARGET = 16.4;
				MTL_ENABLE_DEBUG_INFO = INCLUDE_SOURCE;
				MTL_FAST_MATH = YES;
				ONLY_ACTIVE_ARCH = YES;
				SDKROOT = iphoneos;
				SWIFT_ACTIVE_COMPILATION_CONDITIONS = DEBUG;
				SWIFT_OPTIMIZATION_LEVEL = "-Onone";
			};
			name = Debug;
		};
		9670A0352AC5003D0003A4C5 /* Release */ = {
			isa = XCBuildConfiguration;
			buildSettings = {
				ALWAYS_SEARCH_USER_PATHS = NO;
				CLANG_ANALYZER_NONNULL = YES;
				CLANG_ANALYZER_NUMBER_OBJECT_CONVERSION = YES_AGGRESSIVE;
				CLANG_CXX_LANGUAGE_STANDARD = "gnu++20";
				CLANG_ENABLE_MODULES = YES;
				CLANG_ENABLE_OBJC_ARC = YES;
				CLANG_ENABLE_OBJC_WEAK = YES;
				CLANG_WARN_BLOCK_CAPTURE_AUTORELEASING = YES;
				CLANG_WARN_BOOL_CONVERSION = YES;
				CLANG_WARN_COMMA = YES;
				CLANG_WARN_CONSTANT_CONVERSION = YES;
				CLANG_WARN_DEPRECATED_OBJC_IMPLEMENTATIONS = YES;
				CLANG_WARN_DIRECT_OBJC_ISA_USAGE = YES_ERROR;
				CLANG_WARN_DOCUMENTATION_COMMENTS = YES;
				CLANG_WARN_EMPTY_BODY = YES;
				CLANG_WARN_ENUM_CONVERSION = YES;
				CLANG_WARN_INFINITE_RECURSION = YES;
				CLANG_WARN_INT_CONVERSION = YES;
				CLANG_WARN_NON_LITERAL_NULL_CONVERSION = YES;
				CLANG_WARN_OBJC_IMPLICIT_RETAIN_SELF = YES;
				CLANG_WARN_OBJC_LITERAL_CONVERSION = YES;
				CLANG_WARN_OBJC_ROOT_CLASS = YES_ERROR;
				CLANG_WARN_QUOTED_INCLUDE_IN_FRAMEWORK_HEADER = YES;
				CLANG_WARN_RANGE_LOOP_ANALYSIS = YES;
				CLANG_WARN_STRICT_PROTOTYPES = YES;
				CLANG_WARN_SUSPICIOUS_MOVE = YES;
				CLANG_WARN_UNGUARDED_AVAILABILITY = YES_AGGRESSIVE;
				CLANG_WARN_UNREACHABLE_CODE = YES;
				CLANG_WARN__DUPLICATE_METHOD_MATCH = YES;
				COPY_PHASE_STRIP = NO;
				DEBUG_INFORMATION_FORMAT = "dwarf-with-dsym";
				ENABLE_NS_ASSERTIONS = NO;
				ENABLE_STRICT_OBJC_MSGSEND = YES;
				GCC_C_LANGUAGE_STANDARD = gnu11;
				GCC_NO_COMMON_BLOCKS = YES;
				GCC_WARN_64_TO_32_BIT_CONVERSION = YES;
				GCC_WARN_ABOUT_RETURN_TYPE = YES_ERROR;
				GCC_WARN_UNDECLARED_SELECTOR = YES;
				GCC_WARN_UNINITIALIZED_AUTOS = YES_AGGRESSIVE;
				GCC_WARN_UNUSED_FUNCTION = YES;
				GCC_WARN_UNUSED_VARIABLE = YES;
				IPHONEOS_DEPLOYMENT_TARGET = 16.4;
				MTL_ENABLE_DEBUG_INFO = NO;
				MTL_FAST_MATH = YES;
				SDKROOT = iphoneos;
				SWIFT_COMPILATION_MODE = wholemodule;
				SWIFT_OPTIMIZATION_LEVEL = "-O";
				VALIDATE_PRODUCT = YES;
			};
			name = Release;
		};
		9670A0372AC5003D0003A4C5 /* Debug */ = {
			isa = XCBuildConfiguration;
			buildSettings = {
				ASSETCATALOG_COMPILER_APPICON_NAME = AppIcon;
				ASSETCATALOG_COMPILER_GLOBAL_ACCENT_COLOR_NAME = AccentColor;
				CODE_SIGN_STYLE = Automatic;
				CURRENT_PROJECT_VERSION = 1;
				GENERATE_INFOPLIST_FILE = YES;
				INFOPLIST_FILE = AppTable/Info.plist;
				INFOPLIST_KEY_UIApplicationSupportsIndirectInputEvents = YES;
				INFOPLIST_KEY_UILaunchStoryboardName = LaunchScreen;
				INFOPLIST_KEY_UIMainStoryboardFile = Main;
				INFOPLIST_KEY_UISupportedInterfaceOrientations_iPad = "UIInterfaceOrientationPortrait UIInterfaceOrientationPortraitUpsideDown UIInterfaceOrientationLandscapeLeft UIInterfaceOrientationLandscapeRight";
				INFOPLIST_KEY_UISupportedInterfaceOrientations_iPhone = "UIInterfaceOrientationPortrait UIInterfaceOrientationLandscapeLeft UIInterfaceOrientationLandscapeRight";
				LD_RUNPATH_SEARCH_PATHS = (
					"$(inherited)",
					"@executable_path/Frameworks",
				);
				MARKETING_VERSION = 1.0;
				PRODUCT_BUNDLE_IDENTIFIER = cibertec.edu.pe.AppTable;
				PRODUCT_NAME = "$(TARGET_NAME)";
				SWIFT_EMIT_LOC_STRINGS = YES;
				SWIFT_VERSION = 5.0;
				TARGETED_DEVICE_FAMILY = "1,2";
			};
			name = Debug;
		};
		9670A0382AC5003D0003A4C5 /* Release */ = {
			isa = XCBuildConfiguration;
			buildSettings = {
				ASSETCATALOG_COMPILER_APPICON_NAME = AppIcon;
				ASSETCATALOG_COMPILER_GLOBAL_ACCENT_COLOR_NAME = AccentColor;
				CODE_SIGN_STYLE = Automatic;
				CURRENT_PROJECT_VERSION = 1;
				GENERATE_INFOPLIST_FILE = YES;
				INFOPLIST_FILE = AppTable/Info.plist;
				INFOPLIST_KEY_UIApplicationSupportsIndirectInputEvents = YES;
				INFOPLIST_KEY_UILaunchStoryboardName = LaunchScreen;
				INFOPLIST_KEY_UIMainStoryboardFile = Main;
				INFOPLIST_KEY_UISupportedInterfaceOrientations_iPad = "UIInterfaceOrientationPortrait UIInterfaceOrientationPortraitUpsideDown UIInterfaceOrientationLandscapeLeft UIInterfaceOrientationLandscapeRight";
				INFOPLIST_KEY_UISupportedInterfaceOrientations_iPhone = "UIInterfaceOrientationPortrait UIInterfaceOrientationLandscapeLeft UIInterfaceOrientationLandscapeRight";
				LD_RUNPATH_SEARCH_PATHS = (
					"$(inherited)",
					"@executable_path/Frameworks",
				);
				MARKETING_VERSION = 1.0;
				PRODUCT_BUNDLE_IDENTIFIER = cibertec.edu.pe.AppTable;
				PRODUCT_NAME = "$(TARGET_NAME)";
				SWIFT_EMIT_LOC_STRINGS = YES;
				SWIFT_VERSION = 5.0;
				TARGETED_DEVICE_FAMILY = "1,2";
			};
			name = Release;
		};
/* End XCBuildConfiguration section */

/* Begin XCConfigurationList section */
		9670A01D2AC500370003A4C5 /* Build configuration list for PBXProject "AppTable" */ = {
			isa = XCConfigurationList;
			buildConfigurations = (
				9670A0342AC5003D0003A4C5 /* Debug */,
				9670A0352AC5003D0003A4C5 /* Release */,
			);
			defaultConfigurationIsVisible = 0;
			defaultConfigurationName = Release;
		};
		9670A0362AC5003D0003A4C5 /* Build configuration list for PBXNativeTarget "AppTable" */ = {
			isa = XCConfigurationList;
			buildConfigurations = (
				9670A0372AC5003D0003A4C5 /* Debug */,
				9670A0382AC5003D0003A4C5 /* Release */,
			);
			defaultConfigurationIsVisible = 0;
			defaultConfigurationName = Release;
		};
/* End XCConfigurationList section */

/* Begin XCVersionGroup section */
		96BBBD622AD168B2003D561F /* ConsorcioModel.xcdatamodeld */ = {
			isa = XCVersionGroup;
			children = (
				96BBBD632AD168B2003D561F /* ConsorcioModel.xcdatamodel */,
			);
			currentVersion = 96BBBD632AD168B2003D561F /* ConsorcioModel.xcdatamodel */;
			path = ConsorcioModel.xcdatamodeld;
			sourceTree = "<group>";
			versionGroupType = wrapper.xcdatamodel;
		};
/* End XCVersionGroup section */
	};
	rootObject = 9670A01A2AC500370003A4C5 /* Project object */;
}
